
Microsoft Visual Studio Solution File, Format Version 12.00
# Visual Studio Version 17
VisualStudioVersion = 17.2.32516.85
MinimumVisualStudioVersion = 10.0.40219.1
Project("{FAE04EC0-301F-11D3-BF4B-00C04F79EFBC}") = "AbstraindoRPG", "AbstraindoRPG.csproj", "{7C0DC612-5C5D-4EBD-BA25-0F4E8270AB1C}"
EndProject
Global
	GlobalSection(SolutionConfigurationPlatforms) = preSolution
		Debug|Any CPU = Debug|Any CPU
		Release|Any CPU = Release|Any CPU
	EndGlobalSection
	GlobalSection(ProjectConfigurationPlatforms) = postSolution
		{7C0DC612-5C5D-4EBD-BA25-0F4E8270AB1C}.Debug|Any CPU.ActiveCfg = Debug|Any CPU
		{7C0DC612-5C5D-4EBD-BA25-0F4E8270AB1C}.Debug|Any CPU.Build.0 = Debug|Any CPU
		{7C0DC612-5C5D-4EBD-BA25-0F4E8270AB1C}.Release|Any CPU.ActiveCfg = Release|Any CPU
		{7C0DC612-5C5D-4EBD-BA25-0F4E8270AB1C}.Release|Any CPU.Build.0 = Release|Any CPU
	EndGlobalSection
	GlobalSection(SolutionProperties) = preSolution
		HideSolutionNode = FALSE
	EndGlobalSection
	GlobalSection(ExtensibilityGlobals) = postSolution
		SolutionGuid = {E29CCD28-6D10-4C1B-A464-1869C13A93F7}
	EndGlobalSection
EndGlobal
